
Microsoft Visual Studio Solution File, Format Version 12.00
# Visual Studio Version 17
VisualStudioVersion = 17.14.36518.9
MinimumVisualStudioVersion = 10.0.40219.1
Project("{FAE04EC0-301F-11D3-BF4B-00C04F79EFBC}") = "PlainFires.core", "PlainFires.core\PlainFires.core.csproj", "{B72B6B6B-3ECA-4B10-91EB-D73B710705BB}"
	ProjectSection(ProjectDependencies) = postProject
		{BD983827-E25B-46A9-BF9E-2FC6078B4868} = {BD983827-E25B-46A9-BF9E-2FC6078B4868}
	EndProjectSection
EndProject
Project("{FAE04EC0-301F-11D3-BF4B-00C04F79EFBC}") = "PlainFiles.console", "PlainFiles.console\PlainFiles.console.csproj", "{BD983827-E25B-46A9-BF9E-2FC6078B4868}"
EndProject
Global
	GlobalSection(SolutionConfigurationPlatforms) = preSolution
		Debug|Any CPU = Debug|Any CPU
		Release|Any CPU = Release|Any CPU
	EndGlobalSection
	GlobalSection(ProjectConfigurationPlatforms) = postSolution
		{B72B6B6B-3ECA-4B10-91EB-D73B710705BB}.Debug|Any CPU.ActiveCfg = Debug|Any CPU
		{B72B6B6B-3ECA-4B10-91EB-D73B710705BB}.Debug|Any CPU.Build.0 = Debug|Any CPU
		{B72B6B6B-3ECA-4B10-91EB-D73B710705BB}.Release|Any CPU.ActiveCfg = Release|Any CPU
		{B72B6B6B-3ECA-4B10-91EB-D73B710705BB}.Release|Any CPU.Build.0 = Release|Any CPU
		{BD983827-E25B-46A9-BF9E-2FC6078B4868}.Debug|Any CPU.ActiveCfg = Debug|Any CPU
		{BD983827-E25B-46A9-BF9E-2FC6078B4868}.Debug|Any CPU.Build.0 = Debug|Any CPU
		{BD983827-E25B-46A9-BF9E-2FC6078B4868}.Release|Any CPU.ActiveCfg = Release|Any CPU
		{BD983827-E25B-46A9-BF9E-2FC6078B4868}.Release|Any CPU.Build.0 = Release|Any CPU
	EndGlobalSection
	GlobalSection(SolutionProperties) = preSolution
		HideSolutionNode = FALSE
	EndGlobalSection
	GlobalSection(ExtensibilityGlobals) = postSolution
		SolutionGuid = {CC563A3E-682F-4D42-85B8-185A2C5090CC}
	EndGlobalSection
EndGlobal
